
Microsoft Visual Studio Solution File, Format Version 12.00
# Visual Studio Version 17
VisualStudioVersion = 17.3.32901.215
MinimumVisualStudioVersion = 10.0.40219.1
Project("{9A19103F-16F7-4668-BE54-9A1E7A4F7556}") = "NotesApplication", "NotesApplication\NotesApplication.csproj", "{5DF3AEA6-5D72-4751-AD35-007FA657964E}"
EndProject
Global
	GlobalSection(SolutionConfigurationPlatforms) = preSolution
		Debug|Any CPU = Debug|Any CPU
		Release|Any CPU = Release|Any CPU
	EndGlobalSection
	GlobalSection(ProjectConfigurationPlatforms) = postSolution
		{5DF3AEA6-5D72-4751-AD35-007FA657964E}.Debug|Any CPU.ActiveCfg = Debug|Any CPU
		{5DF3AEA6-5D72-4751-AD35-007FA657964E}.Debug|Any CPU.Build.0 = Debug|Any CPU
		{5DF3AEA6-5D72-4751-AD35-007FA657964E}.Release|Any CPU.ActiveCfg = Release|Any CPU
		{5DF3AEA6-5D72-4751-AD35-007FA657964E}.Release|Any CPU.Build.0 = Release|Any CPU
	EndGlobalSection
	GlobalSection(SolutionProperties) = preSolution
		HideSolutionNode = FALSE
	EndGlobalSection
	GlobalSection(ExtensibilityGlobals) = postSolution
		SolutionGuid = {91D61C8D-B5B0-4B97-A32B-10CD1752AC8D}
	EndGlobalSection
EndGlobal
